
Microsoft Visual Studio Solution File, Format Version 12.00
# Visual Studio 15
VisualStudioVersion = 15.0.27130.2027
MinimumVisualStudioVersion = 10.0.40219.1
Project("{FAE04EC0-301F-11D3-BF4B-00C04F79EFBC}") = "RSSReaderClient", "RSSReader\RSSReaderClient.csproj", "{D9BE0A6F-C965-495B-BFBE-A9822FF64BF4}"
EndProject
Global
	GlobalSection(SolutionConfigurationPlatforms) = preSolution
		Debug|Any CPU = Debug|Any CPU
		Release|Any CPU = Release|Any CPU
	EndGlobalSection
	GlobalSection(ProjectConfigurationPlatforms) = postSolution
		{D9BE0A6F-C965-495B-BFBE-A9822FF64BF4}.Debug|Any CPU.ActiveCfg = Debug|Any CPU
		{D9BE0A6F-C965-495B-BFBE-A9822FF64BF4}.Debug|Any CPU.Build.0 = Debug|Any CPU
		{D9BE0A6F-C965-495B-BFBE-A9822FF64BF4}.Release|Any CPU.ActiveCfg = Release|Any CPU
		{D9BE0A6F-C965-495B-BFBE-A9822FF64BF4}.Release|Any CPU.Build.0 = Release|Any CPU
	EndGlobalSection
	GlobalSection(SolutionProperties) = preSolution
		HideSolutionNode = FALSE
	EndGlobalSection
	GlobalSection(ExtensibilityGlobals) = postSolution
		SolutionGuid = {C78EEB2A-2932-4BE9-B4CA-204ABE5CC9F5}
	EndGlobalSection
EndGlobal
